<Solution>
  <Project Path="../PatientManagement.Application/PatientManagement.Application.csproj" />
  <Project Path="../PatientManagement.Domain/PatientManagement.Domain.csproj" />
  <Project Path="../PatientManagement.Functions/PatientManagement.Functions.csproj" Id="43064150-f49b-48f0-bba7-09b6488df18c" />
  <Project Path="../PatientManagement.Infrastructure/PatientManagement.Infrastructure.csproj" />
  <Project Path="PatientManagement.API.csproj" />
</Solution>
